<?xml version="1.0" encoding="utf-8"?>
<Project ToolsVersion="4.0" xmlns="http://schemas.microsoft.com/developer/msbuild/2003">
  <ItemGroup>
    <Filter Include="Fichiers sources">
      <UniqueIdentifier>{4FC737F1-C7A5-4376-A066-2A32D752A2FF}</UniqueIdentifier>
      <Extensions>cpp;c;cc;cxx;def;odl;idl;hpj;bat;asm;asmx</Extensions>
    </Filter>
    <Filter Include="Fichiers d%27en-tête">
      <UniqueIdentifier>{93995380-89BD-4b04-88EB-625FBE52EBFB}</UniqueIdentifier>
      <Extensions>h;hh;hpp;hxx;hm;inl;inc;xsd</Extensions>
    </Filter>
    <Filter Include="Fichiers de ressources">
      <UniqueIdentifier>{67DA6AB6-F800-4c08-8B7A-83BB121AAD01}</UniqueIdentifier>
      <Extensions>rc;ico;cur;bmp;dlg;rc2;rct;bin;rgs;gif;jpg;jpeg;jpe;resx;tiff;tif;png;wav;mfcribbon-ms</Extensions>
    </Filter>
    <Filter Include="Fichiers sources\HashFactoryTests">
      <UniqueIdentifier>{97382536-292e-4702-ace9-6336f3719a1e}</UniqueIdentifier>
    </Filter>
    <Filter Include="Fichiers sources\Fake">
      <UniqueIdentifier>{bb28c4ac-5bfd-4fa3-bd5f-91c0d76f68f0}</UniqueIdentifier>
    </Filter>
    <Filter Include="Fichiers sources\HashTests">
      <UniqueIdentifier>{eccc5354-d939-44db-b9db-ba4bf8f42aef}</UniqueIdentifier>
    </Filter>
  </ItemGroup>
  <ItemGroup>
    <ClInclude Include="stdafx.h">
      <Filter>Fichiers d%27en-tête</Filter>
    </ClInclude>
    <ClInclude Include="targetver.h">
      <Filter>Fichiers d%27en-tête</Filter>
    </ClInclude>
    <ClInclude Include="FakeHash.h">
      <Filter>Fichiers sources\Fake</Filter>
    </ClInclude>
  </ItemGroup>
  <ItemGroup>
    <ClCompile Include="stdafx.cpp">
      <Filter>Fichiers sources</Filter>
    </ClCompile>
    <ClCompile Include="HashFactoryTests.cpp">
      <Filter>Fichiers sources\HashFactoryTests</Filter>
    </ClCompile>
    <ClCompile Include="FakeHash.cpp">
      <Filter>Fichiers sources\Fake</Filter>
    </ClCompile>
    <ClCompile Include="MD5Tests.cpp">
      <Filter>Fichiers sources\HashTests</Filter>
    </ClCompile>
  </ItemGroup>
</Project>