
Microsoft Visual Studio Solution File, Format Version 12.00
# Visual Studio 2013
VisualStudioVersion = 12.0.31101.0
MinimumVisualStudioVersion = 10.0.40219.1
Project("{8BC9CEB8-8B4A-11D0-8D11-00A0C91BC942}") = "CasseNoisette", "CasseNoisette\CasseNoisette.vcxproj", "{B12702AD-ABFB-343A-A199-8E24837244A3}"
EndProject
Project("{8BC9CEB8-8B4A-11D0-8D11-00A0C91BC942}") = "CrackEngine", "CrackEngine\CrackEngine.vcxproj", "{055E5A79-B910-4B59-B33F-AD0F87DCE163}"
EndProject
Project("{8BC9CEB8-8B4A-11D0-8D11-00A0C91BC942}") = "Crypto", "Crypto\Crypto.vcxproj", "{440FA387-C872-4C50-A708-273188646F9C}"
EndProject
Project("{8BC9CEB8-8B4A-11D0-8D11-00A0C91BC942}") = "UnitTests", "UnitTests\UnitTests.vcxproj", "{E62E984F-8BA6-459C-AA82-EA624349274E}"
EndProject
Project("{8BC9CEB8-8B4A-11D0-8D11-00A0C91BC942}") = "DataLayer", "DataLayer\DataLayer.vcxproj", "{FFC6339B-0AA6-47BA-9314-B5F572F36439}"
EndProject
Project("{8BC9CEB8-8B4A-11D0-8D11-00A0C91BC942}") = "IntegrationTests", "IntegrationTests\IntegrationTests.vcxproj", "{90F9A2F7-3F92-431B-930A-69A11483B24B}"
EndProject
Project("{8BC9CEB8-8B4A-11D0-8D11-00A0C91BC942}") = "Utilities", "Utilities\Utilities.vcxproj", "{11533F07-9A0A-4EFA-A678-79E4725F3E97}"
EndProject
Global
	GlobalSection(SolutionConfigurationPlatforms) = preSolution
		Debug|Win32 = Debug|Win32
		Release|Win32 = Release|Win32
	EndGlobalSection
	GlobalSection(ProjectConfigurationPlatforms) = postSolution
		{B12702AD-ABFB-343A-A199-8E24837244A3}.Debug|Win32.ActiveCfg = Debug|Win32
		{B12702AD-ABFB-343A-A199-8E24837244A3}.Debug|Win32.Build.0 = Debug|Win32
		{B12702AD-ABFB-343A-A199-8E24837244A3}.Release|Win32.ActiveCfg = Release|Win32
		{B12702AD-ABFB-343A-A199-8E24837244A3}.Release|Win32.Build.0 = Release|Win32
		{055E5A79-B910-4B59-B33F-AD0F87DCE163}.Debug|Win32.ActiveCfg = Debug|Win32
		{055E5A79-B910-4B59-B33F-AD0F87DCE163}.Debug|Win32.Build.0 = Debug|Win32
		{055E5A79-B910-4B59-B33F-AD0F87DCE163}.Release|Win32.ActiveCfg = Release|Win32
		{055E5A79-B910-4B59-B33F-AD0F87DCE163}.Release|Win32.Build.0 = Release|Win32
		{440FA387-C872-4C50-A708-273188646F9C}.Debug|Win32.ActiveCfg = Debug|Win32
		{440FA387-C872-4C50-A708-273188646F9C}.Debug|Win32.Build.0 = Debug|Win32
		{440FA387-C872-4C50-A708-273188646F9C}.Release|Win32.ActiveCfg = Release|Win32
		{440FA387-C872-4C50-A708-273188646F9C}.Release|Win32.Build.0 = Release|Win32
		{E62E984F-8BA6-459C-AA82-EA624349274E}.Debug|Win32.ActiveCfg = Debug|Win32
		{E62E984F-8BA6-459C-AA82-EA624349274E}.Debug|Win32.Build.0 = Debug|Win32
		{E62E984F-8BA6-459C-AA82-EA624349274E}.Release|Win32.ActiveCfg = Release|Win32
		{E62E984F-8BA6-459C-AA82-EA624349274E}.Release|Win32.Build.0 = Release|Win32
		{FFC6339B-0AA6-47BA-9314-B5F572F36439}.Debug|Win32.ActiveCfg = Debug|Win32
		{FFC6339B-0AA6-47BA-9314-B5F572F36439}.Debug|Win32.Build.0 = Debug|Win32
		{FFC6339B-0AA6-47BA-9314-B5F572F36439}.Release|Win32.ActiveCfg = Release|Win32
		{FFC6339B-0AA6-47BA-9314-B5F572F36439}.Release|Win32.Build.0 = Release|Win32
		{90F9A2F7-3F92-431B-930A-69A11483B24B}.Debug|Win32.ActiveCfg = Debug|Win32
		{90F9A2F7-3F92-431B-930A-69A11483B24B}.Debug|Win32.Build.0 = Debug|Win32
		{90F9A2F7-3F92-431B-930A-69A11483B24B}.Release|Win32.ActiveCfg = Release|Win32
		{90F9A2F7-3F92-431B-930A-69A11483B24B}.Release|Win32.Build.0 = Release|Win32
		{11533F07-9A0A-4EFA-A678-79E4725F3E97}.Debug|Win32.ActiveCfg = Debug|Win32
		{11533F07-9A0A-4EFA-A678-79E4725F3E97}.Debug|Win32.Build.0 = Debug|Win32
		{11533F07-9A0A-4EFA-A678-79E4725F3E97}.Release|Win32.ActiveCfg = Release|Win32
		{11533F07-9A0A-4EFA-A678-79E4725F3E97}.Release|Win32.Build.0 = Release|Win32
	EndGlobalSection
	GlobalSection(SolutionProperties) = preSolution
		HideSolutionNode = FALSE
	EndGlobalSection
EndGlobal
